
Microsoft Visual Studio Solution File, Format Version 12.00
# Visual Studio Version 17
VisualStudioVersion = 17.14.36429.23 d17.14
MinimumVisualStudioVersion = 10.0.40219.1
Project("{FAE04EC0-301F-11D3-BF4B-00C04F79EFBC}") = "To Do List", "To Do List\To Do List.csproj", "{CE9FA53C-BA44-436F-9352-20B8F0422D7F}"
EndProject
Global
	GlobalSection(SolutionConfigurationPlatforms) = preSolution
		Debug|Any CPU = Debug|Any CPU
		Release|Any CPU = Release|Any CPU
	EndGlobalSection
	GlobalSection(ProjectConfigurationPlatforms) = postSolution
		{CE9FA53C-BA44-436F-9352-20B8F0422D7F}.Debug|Any CPU.ActiveCfg = Debug|Any CPU
		{CE9FA53C-BA44-436F-9352-20B8F0422D7F}.Debug|Any CPU.Build.0 = Debug|Any CPU
		{CE9FA53C-BA44-436F-9352-20B8F0422D7F}.Release|Any CPU.ActiveCfg = Release|Any CPU
		{CE9FA53C-BA44-436F-9352-20B8F0422D7F}.Release|Any CPU.Build.0 = Release|Any CPU
	EndGlobalSection
	GlobalSection(SolutionProperties) = preSolution
		HideSolutionNode = FALSE
	EndGlobalSection
	GlobalSection(ExtensibilityGlobals) = postSolution
		SolutionGuid = {136D43D5-9E24-43D7-BA37-73E608E7252B}
	EndGlobalSection
EndGlobal
